// !$*UTF8*$!
{
	archiveVersion = 1;
	classes = {
	};
	objectVersion = 46;
	objects = {

/* Begin PBXBuildFile section */
		A6097E1E1A9777D000F702CC /* AppDelegate.swift in Sources */ = {isa = PBXBuildFile; fileRef = A6097E1D1A9777D000F702CC /* AppDelegate.swift */; };
		A6097E221A9777D000F702CC /* GameScene.swift in Sources */ = {isa = PBXBuildFile; fileRef = A6097E211A9777D000F702CC /* GameScene.swift */; };
		A6097E241A9777D000F702CC /* GameViewController.swift in Sources */ = {isa = PBXBuildFile; fileRef = A6097E231A9777D000F702CC /* GameViewController.swift */; };
		A6097E271A9777D000F702CC /* Main.storyboard in Resources */ = {isa = PBXBuildFile; fileRef = A6097E251A9777D000F702CC /* Main.storyboard */; };
		A6097E291A9777D000F702CC /* Images.xcassets in Resources */ = {isa = PBXBuildFile; fileRef = A6097E281A9777D000F702CC /* Images.xcassets */; };
		A6097E2C1A9777D000F702CC /* LaunchScreen.xib in Resources */ = {isa = PBXBuildFile; fileRef = A6097E2A1A9777D000F702CC /* LaunchScreen.xib */; };
		A6097E381A9777D100F702CC /* SwiftrisTests.swift in Sources */ = {isa = PBXBuildFile; fileRef = A6097E371A9777D100F702CC /* SwiftrisTests.swift */; };
		A6097E471A97835000F702CC /* whitebg.png in Resources */ = {isa = PBXBuildFile; fileRef = A6097E411A97835000F702CC /* whitebg.png */; };
		A6097E481A97835000F702CC /* whitebg@2x.png in Resources */ = {isa = PBXBuildFile; fileRef = A6097E421A97835000F702CC /* whitebg@2x.png */; };
		A6097E491A97835000F702CC /* background.png in Resources */ = {isa = PBXBuildFile; fileRef = A6097E431A97835000F702CC /* background.png */; };
		A6097E4A1A97835000F702CC /* background@2x.png in Resources */ = {isa = PBXBuildFile; fileRef = A6097E441A97835000F702CC /* background@2x.png */; };
		A6097E4B1A97835000F702CC /* gameboard.png in Resources */ = {isa = PBXBuildFile; fileRef = A6097E451A97835000F702CC /* gameboard.png */; };
		A6097E4C1A97835000F702CC /* gameboard@2x.png in Resources */ = {isa = PBXBuildFile; fileRef = A6097E461A97835000F702CC /* gameboard@2x.png */; };
		A6097E4E1A97836900F702CC /* Sprites.atlas in Resources */ = {isa = PBXBuildFile; fileRef = A6097E4D1A97836900F702CC /* Sprites.atlas */; };
		A6097E551A9783AF00F702CC /* bomb.mp3 in Resources */ = {isa = PBXBuildFile; fileRef = A6097E501A9783AF00F702CC /* bomb.mp3 */; };
		A6097E561A9783AF00F702CC /* drop.mp3 in Resources */ = {isa = PBXBuildFile; fileRef = A6097E511A9783AF00F702CC /* drop.mp3 */; };
		A6097E571A9783AF00F702CC /* gameover.mp3 in Resources */ = {isa = PBXBuildFile; fileRef = A6097E521A9783AF00F702CC /* gameover.mp3 */; };
		A6097E581A9783AF00F702CC /* levelup.mp3 in Resources */ = {isa = PBXBuildFile; fileRef = A6097E531A9783AF00F702CC /* levelup.mp3 */; };
		A6097E591A9783AF00F702CC /* theme.mp3 in Resources */ = {isa = PBXBuildFile; fileRef = A6097E541A9783AF00F702CC /* theme.mp3 */; };
		A6097E5B1A97842200F702CC /* Array2D.swift in Sources */ = {isa = PBXBuildFile; fileRef = A6097E5A1A97842200F702CC /* Array2D.swift */; };
		A6097E5D1A97847E00F702CC /* Block.swift in Sources */ = {isa = PBXBuildFile; fileRef = A6097E5C1A97847E00F702CC /* Block.swift */; };
		A6097E5F1A9784D000F702CC /* Shape.swift in Sources */ = {isa = PBXBuildFile; fileRef = A6097E5E1A9784D000F702CC /* Shape.swift */; };
		A6097E611A97853F00F702CC /* SquareShape.swift in Sources */ = {isa = PBXBuildFile; fileRef = A6097E601A97853F00F702CC /* SquareShape.swift */; };
		A6097E631A97856200F702CC /* TShape.swift in Sources */ = {isa = PBXBuildFile; fileRef = A6097E621A97856200F702CC /* TShape.swift */; };
		A6097E651A97858100F702CC /* LineShape.swift in Sources */ = {isa = PBXBuildFile; fileRef = A6097E641A97858100F702CC /* LineShape.swift */; };
		A6097E671A97859500F702CC /* LShape.swift in Sources */ = {isa = PBXBuildFile; fileRef = A6097E661A97859500F702CC /* LShape.swift */; };
		A6097E691A9785AC00F702CC /* JShape.swift in Sources */ = {isa = PBXBuildFile; fileRef = A6097E681A9785AC00F702CC /* JShape.swift */; };
		A6097E6B1A9785C400F702CC /* SShape.swift in Sources */ = {isa = PBXBuildFile; fileRef = A6097E6A1A9785C400F702CC /* SShape.swift */; };
		A6097E6D1A9785D600F702CC /* ZShape.swift in Sources */ = {isa = PBXBuildFile; fileRef = A6097E6C1A9785D600F702CC /* ZShape.swift */; };
		A6097E6F1A97863600F702CC /* Swiftris.swift in Sources */ = {isa = PBXBuildFile; fileRef = A6097E6E1A97863600F702CC /* Swiftris.swift */; };
/* End PBXBuildFile section */

/* Begin PBXContainerItemProxy section */
		A6097E321A9777D100F702CC /* PBXContainerItemProxy */ = {
			isa = PBXContainerItemProxy;
			containerPortal = A6097E101A9777D000F702CC /* Project object */;
			proxyType = 1;
			remoteGlobalIDString = A6097E171A9777D000F702CC;
			remoteInfo = Swiftris;
		};
/* End PBXContainerItemProxy section */

/* Begin PBXFileReference section */
		A6097E181A9777D000F702CC /* Swiftris.app */ = {isa = PBXFileReference; explicitFileType = wrapper.application; includeInIndex = 0; path = Swiftris.app; sourceTree = BUILT_PRODUCTS_DIR; };
		A6097E1C1A9777D000F702CC /* Info.plist */ = {isa = PBXFileReference; lastKnownFileType = text.plist.xml; path = Info.plist; sourceTree = "<group>"; };
		A6097E1D1A9777D000F702CC /* AppDelegate.swift */ = {isa = PBXFileReference; lastKnownFileType = sourcecode.swift; path = AppDelegate.swift; sourceTree = "<group>"; };
		A6097E211A9777D000F702CC /* GameScene.swift */ = {isa = PBXFileReference; lastKnownFileType = sourcecode.swift; path = GameScene.swift; sourceTree = "<group>"; };
		A6097E231A9777D000F702CC /* GameViewController.swift */ = {isa = PBXFileReference; lastKnownFileType = sourcecode.swift; path = GameViewController.swift; sourceTree = "<group>"; };
		A6097E261A9777D000F702CC /* Base */ = {isa = PBXFileReference; lastKnownFileType = file.storyboard; name = Base; path = Base.lproj/Main.storyboard; sourceTree = "<group>"; };
		A6097E281A9777D000F702CC /* Images.xcassets */ = {isa = PBXFileReference; lastKnownFileType = folder.assetcatalog; path = Images.xcassets; sourceTree = "<group>"; };
		A6097E2B1A9777D000F702CC /* Base */ = {isa = PBXFileReference; lastKnownFileType = file.xib; name = Base; path = Base.lproj/LaunchScreen.xib; sourceTree = "<group>"; };
		A6097E311A9777D100F702CC /* SwiftrisTests.xctest */ = {isa = PBXFileReference; explicitFileType = wrapper.cfbundle; includeInIndex = 0; path = SwiftrisTests.xctest; sourceTree = BUILT_PRODUCTS_DIR; };
		A6097E361A9777D100F702CC /* Info.plist */ = {isa = PBXFileReference; lastKnownFileType = text.plist.xml; path = Info.plist; sourceTree = "<group>"; };
		A6097E371A9777D100F702CC /* SwiftrisTests.swift */ = {isa = PBXFileReference; lastKnownFileType = sourcecode.swift; path = SwiftrisTests.swift; sourceTree = "<group>"; };
		A6097E411A97835000F702CC /* whitebg.png */ = {isa = PBXFileReference; lastKnownFileType = image.png; path = whitebg.png; sourceTree = "<group>"; };
		A6097E421A97835000F702CC /* whitebg@2x.png */ = {isa = PBXFileReference; lastKnownFileType = image.png; path = "whitebg@2x.png"; sourceTree = "<group>"; };
		A6097E431A97835000F702CC /* background.png */ = {isa = PBXFileReference; lastKnownFileType = image.png; path = background.png; sourceTree = "<group>"; };
		A6097E441A97835000F702CC /* background@2x.png */ = {isa = PBXFileReference; lastKnownFileType = image.png; path = "background@2x.png"; sourceTree = "<group>"; };
		A6097E451A97835000F702CC /* gameboard.png */ = {isa = PBXFileReference; lastKnownFileType = image.png; path = gameboard.png; sourceTree = "<group>"; };
		A6097E461A97835000F702CC /* gameboard@2x.png */ = {isa = PBXFileReference; lastKnownFileType = image.png; path = "gameboard@2x.png"; sourceTree = "<group>"; };
		A6097E4D1A97836900F702CC /* Sprites.atlas */ = {isa = PBXFileReference; lastKnownFileType = folder.skatlas; name = Sprites.atlas; path = ../Sprites.atlas; sourceTree = "<group>"; };
		A6097E501A9783AF00F702CC /* bomb.mp3 */ = {isa = PBXFileReference; lastKnownFileType = audio.mp3; path = bomb.mp3; sourceTree = "<group>"; };
		A6097E511A9783AF00F702CC /* drop.mp3 */ = {isa = PBXFileReference; lastKnownFileType = audio.mp3; path = drop.mp3; sourceTree = "<group>"; };
		A6097E521A9783AF00F702CC /* gameover.mp3 */ = {isa = PBXFileReference; lastKnownFileType = audio.mp3; path = gameover.mp3; sourceTree = "<group>"; };
		A6097E531A9783AF00F702CC /* levelup.mp3 */ = {isa = PBXFileReference; lastKnownFileType = audio.mp3; path = levelup.mp3; sourceTree = "<group>"; };
		A6097E541A9783AF00F702CC /* theme.mp3 */ = {isa = PBXFileReference; lastKnownFileType = audio.mp3; path = theme.mp3; sourceTree = "<group>"; };
		A6097E5A1A97842200F702CC /* Array2D.swift */ = {isa = PBXFileReference; fileEncoding = 4; lastKnownFileType = sourcecode.swift; path = Array2D.swift; sourceTree = "<group>"; };
		A6097E5C1A97847E00F702CC /* Block.swift */ = {isa = PBXFileReference; fileEncoding = 4; lastKnownFileType = sourcecode.swift; path = Block.swift; sourceTree = "<group>"; };
		A6097E5E1A9784D000F702CC /* Shape.swift */ = {isa = PBXFileReference; fileEncoding = 4; lastKnownFileType = sourcecode.swift; path = Shape.swift; sourceTree = "<group>"; };
		A6097E601A97853F00F702CC /* SquareShape.swift */ = {isa = PBXFileReference; fileEncoding = 4; lastKnownFileType = sourcecode.swift; path = SquareShape.swift; sourceTree = "<group>"; };
		A6097E621A97856200F702CC /* TShape.swift */ = {isa = PBXFileReference; fileEncoding = 4; lastKnownFileType = sourcecode.swift; path = TShape.swift; sourceTree = "<group>"; };
		A6097E641A97858100F702CC /* LineShape.swift */ = {isa = PBXFileReference; fileEncoding = 4; lastKnownFileType = sourcecode.swift; path = LineShape.swift; sourceTree = "<group>"; };
		A6097E661A97859500F702CC /* LShape.swift */ = {isa = PBXFileReference; fileEncoding = 4; lastKnownFileType = sourcecode.swift; path = LShape.swift; sourceTree = "<group>"; };
		A6097E681A9785AC00F702CC /* JShape.swift */ = {isa = PBXFileReference; fileEncoding = 4; lastKnownFileType = sourcecode.swift; path = JShape.swift; sourceTree = "<group>"; };
		A6097E6A1A9785C400F702CC /* SShape.swift */ = {isa = PBXFileReference; fileEncoding = 4; lastKnownFileType = sourcecode.swift; name = SShape.swift; path = ../SShape.swift; sourceTree = "<group>"; };
		A6097E6C1A9785D600F702CC /* ZShape.swift */ = {isa = PBXFileReference; fileEncoding = 4; lastKnownFileType = sourcecode.swift; name = ZShape.swift; path = ../ZShape.swift; sourceTree = "<group>"; };
		A6097E6E1A97863600F702CC /* Swiftris.swift */ = {isa = PBXFileReference; fileEncoding = 4; lastKnownFileType = sourcecode.swift; path = Swiftris.swift; sourceTree = "<group>"; };
/* End PBXFileReference section */

/* Begin PBXFrameworksBuildPhase section */
		A6097E151A9777D000F702CC /* Frameworks */ = {
			isa = PBXFrameworksBuildPhase;
			buildActionMask = 2147483647;
			files = (
			);
			runOnlyForDeploymentPostprocessing = 0;
		};
		A6097E2E1A9777D100F702CC /* Frameworks */ = {
			isa = PBXFrameworksBuildPhase;
			buildActionMask = 2147483647;
			files = (
			);
			runOnlyForDeploymentPostprocessing = 0;
		};
/* End PBXFrameworksBuildPhase section */

/* Begin PBXGroup section */
		A6097E0F1A9777D000F702CC = {
			isa = PBXGroup;
			children = (
				A6097E1A1A9777D000F702CC /* Swiftris */,
				A6097E341A9777D100F702CC /* SwiftrisTests */,
				A6097E191A9777D000F702CC /* Products */,
			);
			sourceTree = "<group>";
		};
		A6097E191A9777D000F702CC /* Products */ = {
			isa = PBXGroup;
			children = (
				A6097E181A9777D000F702CC /* Swiftris.app */,
				A6097E311A9777D100F702CC /* SwiftrisTests.xctest */,
			);
			name = Products;
			sourceTree = "<group>";
		};
		A6097E1A1A9777D000F702CC /* Swiftris */ = {
			isa = PBXGroup;
			children = (
				A6097E1D1A9777D000F702CC /* AppDelegate.swift */,
				A6097E211A9777D000F702CC /* GameScene.swift */,
				A6097E231A9777D000F702CC /* GameViewController.swift */,
				A6097E251A9777D000F702CC /* Main.storyboard */,
				A6097E281A9777D000F702CC /* Images.xcassets */,
				A6097E2A1A9777D000F702CC /* LaunchScreen.xib */,
				A6097E4D1A97836900F702CC /* Sprites.atlas */,
				A6097E4F1A9783AF00F702CC /* Sounds */,
				A6097E1B1A9777D000F702CC /* Supporting Files */,
				A6097E5A1A97842200F702CC /* Array2D.swift */,
				A6097E5C1A97847E00F702CC /* Block.swift */,
				A6097E5E1A9784D000F702CC /* Shape.swift */,
				A6097E601A97853F00F702CC /* SquareShape.swift */,
				A6097E621A97856200F702CC /* TShape.swift */,
				A6097E641A97858100F702CC /* LineShape.swift */,
				A6097E661A97859500F702CC /* LShape.swift */,
				A6097E681A9785AC00F702CC /* JShape.swift */,
				A6097E6C1A9785D600F702CC /* ZShape.swift */,
				A6097E6A1A9785C400F702CC /* SShape.swift */,
				A6097E6E1A97863600F702CC /* Swiftris.swift */,
			);
			path = Swiftris;
			sourceTree = "<group>";
		};
		A6097E1B1A9777D000F702CC /* Supporting Files */ = {
			isa = PBXGroup;
			children = (
				A6097E1C1A9777D000F702CC /* Info.plist */,
			);
			name = "Supporting Files";
			sourceTree = "<group>";
		};
		A6097E341A9777D100F702CC /* SwiftrisTests */ = {
			isa = PBXGroup;
			children = (
				A6097E371A9777D100F702CC /* SwiftrisTests.swift */,
				A6097E351A9777D100F702CC /* Supporting Files */,
			);
			path = SwiftrisTests;
			sourceTree = "<group>";
		};
		A6097E351A9777D100F702CC /* Supporting Files */ = {
			isa = PBXGroup;
			children = (
				A6097E411A97835000F702CC /* whitebg.png */,
				A6097E421A97835000F702CC /* whitebg@2x.png */,
				A6097E431A97835000F702CC /* background.png */,
				A6097E441A97835000F702CC /* background@2x.png */,
				A6097E451A97835000F702CC /* gameboard.png */,
				A6097E461A97835000F702CC /* gameboard@2x.png */,
				A6097E361A9777D100F702CC /* Info.plist */,
			);
			name = "Supporting Files";
			sourceTree = "<group>";
		};
		A6097E4F1A9783AF00F702CC /* Sounds */ = {
			isa = PBXGroup;
			children = (
				A6097E501A9783AF00F702CC /* bomb.mp3 */,
				A6097E511A9783AF00F702CC /* drop.mp3 */,
				A6097E521A9783AF00F702CC /* gameover.mp3 */,
				A6097E531A9783AF00F702CC /* levelup.mp3 */,
				A6097E541A9783AF00F702CC /* theme.mp3 */,
			);
			path = Sounds;
			sourceTree = "<group>";
		};
/* End PBXGroup section */

/* Begin PBXNativeTarget section */
		A6097E171A9777D000F702CC /* Swiftris */ = {
			isa = PBXNativeTarget;
			buildConfigurationList = A6097E3B1A9777D100F702CC /* Build configuration list for PBXNativeTarget "Swiftris" */;
			buildPhases = (
				A6097E141A9777D000F702CC /* Sources */,
				A6097E151A9777D000F702CC /* Frameworks */,
				A6097E161A9777D000F702CC /* Resources */,
			);
			buildRules = (
			);
			dependencies = (
			);
			name = Swiftris;
			productName = Swiftris;
			productReference = A6097E181A9777D000F702CC /* Swiftris.app */;
			productType = "com.apple.product-type.application";
		};
		A6097E301A9777D100F702CC /* SwiftrisTests */ = {
			isa = PBXNativeTarget;
			buildConfigurationList = A6097E3E1A9777D100F702CC /* Build configuration list for PBXNativeTarget "SwiftrisTests" */;
			buildPhases = (
				A6097E2D1A9777D100F702CC /* Sources */,
				A6097E2E1A9777D100F702CC /* Frameworks */,
				A6097E2F1A9777D100F702CC /* Resources */,
			);
			buildRules = (
			);
			dependencies = (
				A6097E331A9777D100F702CC /* PBXTargetDependency */,
			);
			name = SwiftrisTests;
			productName = SwiftrisTests;
			productReference = A6097E311A9777D100F702CC /* SwiftrisTests.xctest */;
			productType = "com.apple.product-type.bundle.unit-test";
		};
/* End PBXNativeTarget section */

/* Begin PBXProject section */
		A6097E101A9777D000F702CC /* Project object */ = {
			isa = PBXProject;
			attributes = {
				LastUpgradeCheck = 0610;
				ORGANIZATIONNAME = rentpath;
				TargetAttributes = {
					A6097E171A9777D000F702CC = {
						CreatedOnToolsVersion = 6.1.1;
					};
					A6097E301A9777D100F702CC = {
						CreatedOnToolsVersion = 6.1.1;
						TestTargetID = A6097E171A9777D000F702CC;
					};
				};
			};
			buildConfigurationList = A6097E131A9777D000F702CC /* Build configuration list for PBXProject "Swiftris" */;
			compatibilityVersion = "Xcode 3.2";
			developmentRegion = English;
			hasScannedForEncodings = 0;
			knownRegions = (
				en,
				Base,
			);
			mainGroup = A6097E0F1A9777D000F702CC;
			productRefGroup = A6097E191A9777D000F702CC /* Products */;
			projectDirPath = "";
			projectRoot = "";
			targets = (
				A6097E171A9777D000F702CC /* Swiftris */,
				A6097E301A9777D100F702CC /* SwiftrisTests */,
			);
		};
/* End PBXProject section */

/* Begin PBXResourcesBuildPhase section */
		A6097E161A9777D000F702CC /* Resources */ = {
			isa = PBXResourcesBuildPhase;
			buildActionMask = 2147483647;
			files = (
				A6097E2C1A9777D000F702CC /* LaunchScreen.xib in Resources */,
				A6097E561A9783AF00F702CC /* drop.mp3 in Resources */,
				A6097E591A9783AF00F702CC /* theme.mp3 in Resources */,
				A6097E571A9783AF00F702CC /* gameover.mp3 in Resources */,
				A6097E291A9777D000F702CC /* Images.xcassets in Resources */,
				A6097E581A9783AF00F702CC /* levelup.mp3 in Resources */,
				A6097E551A9783AF00F702CC /* bomb.mp3 in Resources */,
				A6097E271A9777D000F702CC /* Main.storyboard in Resources */,
			);
			runOnlyForDeploymentPostprocessing = 0;
		};
		A6097E2F1A9777D100F702CC /* Resources */ = {
			isa = PBXResourcesBuildPhase;
			buildActionMask = 2147483647;
			files = (
				A6097E471A97835000F702CC /* whitebg.png in Resources */,
				A6097E4E1A97836900F702CC /* Sprites.atlas in Resources */,
				A6097E491A97835000F702CC /* background.png in Resources */,
				A6097E4B1A97835000F702CC /* gameboard.png in Resources */,
				A6097E4C1A97835000F702CC /* gameboard@2x.png in Resources */,
				A6097E4A1A97835000F702CC /* background@2x.png in Resources */,
				A6097E481A97835000F702CC /* whitebg@2x.png in Resources */,
			);
			runOnlyForDeploymentPostprocessing = 0;
		};
/* End PBXResourcesBuildPhase section */

/* Begin PBXSourcesBuildPhase section */
		A6097E141A9777D000F702CC /* Sources */ = {
			isa = PBXSourcesBuildPhase;
			buildActionMask = 2147483647;
			files = (
				A6097E671A97859500F702CC /* LShape.swift in Sources */,
				A6097E611A97853F00F702CC /* SquareShape.swift in Sources */,
				A6097E221A9777D000F702CC /* GameScene.swift in Sources */,
				A6097E691A9785AC00F702CC /* JShape.swift in Sources */,
				A6097E6F1A97863600F702CC /* Swiftris.swift in Sources */,
				A6097E5F1A9784D000F702CC /* Shape.swift in Sources */,
				A6097E5B1A97842200F702CC /* Array2D.swift in Sources */,
				A6097E651A97858100F702CC /* LineShape.swift in Sources */,
				A6097E6B1A9785C400F702CC /* SShape.swift in Sources */,
				A6097E631A97856200F702CC /* TShape.swift in Sources */,
				A6097E5D1A97847E00F702CC /* Block.swift in Sources */,
				A6097E241A9777D000F702CC /* GameViewController.swift in Sources */,
				A6097E6D1A9785D600F702CC /* ZShape.swift in Sources */,
				A6097E1E1A9777D000F702CC /* AppDelegate.swift in Sources */,
			);
			runOnlyForDeploymentPostprocessing = 0;
		};
		A6097E2D1A9777D100F702CC /* Sources */ = {
			isa = PBXSourcesBuildPhase;
			buildActionMask = 2147483647;
			files = (
				A6097E381A9777D100F702CC /* SwiftrisTests.swift in Sources */,
			);
			runOnlyForDeploymentPostprocessing = 0;
		};
/* End PBXSourcesBuildPhase section */

/* Begin PBXTargetDependency section */
		A6097E331A9777D100F702CC /* PBXTargetDependency */ = {
			isa = PBXTargetDependency;
			target = A6097E171A9777D000F702CC /* Swiftris */;
			targetProxy = A6097E321A9777D100F702CC /* PBXContainerItemProxy */;
		};
/* End PBXTargetDependency section */

/* Begin PBXVariantGroup section */
		A6097E251A9777D000F702CC /* Main.storyboard */ = {
			isa = PBXVariantGroup;
			children = (
				A6097E261A9777D000F702CC /* Base */,
			);
			name = Main.storyboard;
			sourceTree = "<group>";
		};
		A6097E2A1A9777D000F702CC /* LaunchScreen.xib */ = {
			isa = PBXVariantGroup;
			children = (
				A6097E2B1A9777D000F702CC /* Base */,
			);
			name = LaunchScreen.xib;
			sourceTree = "<group>";
		};
/* End PBXVariantGroup section */

/* Begin XCBuildConfiguration section */
		A6097E391A9777D100F702CC /* Debug */ = {
			isa = XCBuildConfiguration;
			buildSettings = {
				ALWAYS_SEARCH_USER_PATHS = NO;
				CLANG_CXX_LANGUAGE_STANDARD = "gnu++0x";
				CLANG_CXX_LIBRARY = "libc++";
				CLANG_ENABLE_MODULES = YES;
				CLANG_ENABLE_OBJC_ARC = YES;
				CLANG_WARN_BOOL_CONVERSION = YES;
				CLANG_WARN_CONSTANT_CONVERSION = YES;
				CLANG_WARN_DIRECT_OBJC_ISA_USAGE = YES_ERROR;
				CLANG_WARN_EMPTY_BODY = YES;
				CLANG_WARN_ENUM_CONVERSION = YES;
				CLANG_WARN_INT_CONVERSION = YES;
				CLANG_WARN_OBJC_ROOT_CLASS = YES_ERROR;
				CLANG_WARN_UNREACHABLE_CODE = YES;
				CLANG_WARN__DUPLICATE_METHOD_MATCH = YES;
				"CODE_SIGN_IDENTITY[sdk=iphoneos*]" = "iPhone Developer";
				COPY_PHASE_STRIP = NO;
				ENABLE_STRICT_OBJC_MSGSEND = YES;
				GCC_C_LANGUAGE_STANDARD = gnu99;
				GCC_DYNAMIC_NO_PIC = NO;
				GCC_OPTIMIZATION_LEVEL = 0;
				GCC_PREPROCESSOR_DEFINITIONS = (
					"DEBUG=1",
					"$(inherited)",
				);
				GCC_SYMBOLS_PRIVATE_EXTERN = NO;
				GCC_WARN_64_TO_32_BIT_CONVERSION = YES;
				GCC_WARN_ABOUT_RETURN_TYPE = YES_ERROR;
				GCC_WARN_UNDECLARED_SELECTOR = YES;
				GCC_WARN_UNINITIALIZED_AUTOS = YES_AGGRESSIVE;
				GCC_WARN_UNUSED_FUNCTION = YES;
				GCC_WARN_UNUSED_VARIABLE = YES;
				IPHONEOS_DEPLOYMENT_TARGET = 8.1;
				MTL_ENABLE_DEBUG_INFO = YES;
				ONLY_ACTIVE_ARCH = YES;
				SDKROOT = iphoneos;
				SWIFT_OPTIMIZATION_LEVEL = "-Onone";
			};
			name = Debug;
		};
		A6097E3A1A9777D100F702CC /* Release */ = {
			isa = XCBuildConfiguration;
			buildSettings = {
				ALWAYS_SEARCH_USER_PATHS = NO;
				CLANG_CXX_LANGUAGE_STANDARD = "gnu++0x";
				CLANG_CXX_LIBRARY = "libc++";
				CLANG_ENABLE_MODULES = YES;
				CLANG_ENABLE_OBJC_ARC = YES;
				CLANG_WARN_BOOL_CONVERSION = YES;
				CLANG_WARN_CONSTANT_CONVERSION = YES;
				CLANG_WARN_DIRECT_OBJC_ISA_USAGE = YES_ERROR;
				CLANG_WARN_EMPTY_BODY = YES;
				CLANG_WARN_ENUM_CONVERSION = YES;
				CLANG_WARN_INT_CONVERSION = YES;
				CLANG_WARN_OBJC_ROOT_CLASS = YES_ERROR;
				CLANG_WARN_UNREACHABLE_CODE = YES;
				CLANG_WARN__DUPLICATE_METHOD_MATCH = YES;
				"CODE_SIGN_IDENTITY[sdk=iphoneos*]" = "iPhone Developer";
				COPY_PHASE_STRIP = YES;
				ENABLE_NS_ASSERTIONS = NO;
				ENABLE_STRICT_OBJC_MSGSEND = YES;
				GCC_C_LANGUAGE_STANDARD = gnu99;
				GCC_WARN_64_TO_32_BIT_CONVERSION = YES;
				GCC_WARN_ABOUT_RETURN_TYPE = YES_ERROR;
				GCC_WARN_UNDECLARED_SELECTOR = YES;
				GCC_WARN_UNINITIALIZED_AUTOS = YES_AGGRESSIVE;
				GCC_WARN_UNUSED_FUNCTION = YES;
				GCC_WARN_UNUSED_VARIABLE = YES;
				IPHONEOS_DEPLOYMENT_TARGET = 8.1;
				MTL_ENABLE_DEBUG_INFO = NO;
				SDKROOT = iphoneos;
				VALIDATE_PRODUCT = YES;
			};
			name = Release;
		};
		A6097E3C1A9777D100F702CC /* Debug */ = {
			isa = XCBuildConfiguration;
			buildSettings = {
				ASSETCATALOG_COMPILER_APPICON_NAME = AppIcon;
				INFOPLIST_FILE = Swiftris/Info.plist;
				LD_RUNPATH_SEARCH_PATHS = "$(inherited) @executable_path/Frameworks";
				PRODUCT_NAME = "$(TARGET_NAME)";
			};
			name = Debug;
		};
		A6097E3D1A9777D100F702CC /* Release */ = {
			isa = XCBuildConfiguration;
			buildSettings = {
				ASSETCATALOG_COMPILER_APPICON_NAME = AppIcon;
				INFOPLIST_FILE = Swiftris/Info.plist;
				LD_RUNPATH_SEARCH_PATHS = "$(inherited) @executable_path/Frameworks";
				PRODUCT_NAME = "$(TARGET_NAME)";
			};
			name = Release;
		};
		A6097E3F1A9777D100F702CC /* Debug */ = {
			isa = XCBuildConfiguration;
			buildSettings = {
				BUNDLE_LOADER = "$(TEST_HOST)";
				FRAMEWORK_SEARCH_PATHS = (
					"$(SDKROOT)/Developer/Library/Frameworks",
					"$(inherited)",
				);
				GCC_PREPROCESSOR_DEFINITIONS = (
					"DEBUG=1",
					"$(inherited)",
				);
				INFOPLIST_FILE = SwiftrisTests/Info.plist;
				LD_RUNPATH_SEARCH_PATHS = "$(inherited) @executable_path/Frameworks @loader_path/Frameworks";
				PRODUCT_NAME = "$(TARGET_NAME)";
				TEST_HOST = "$(BUILT_PRODUCTS_DIR)/Swiftris.app/Swiftris";
			};
			name = Debug;
		};
		A6097E401A9777D100F702CC /* Release */ = {
			isa = XCBuildConfiguration;
			buildSettings = {
				BUNDLE_LOADER = "$(TEST_HOST)";
				FRAMEWORK_SEARCH_PATHS = (
					"$(SDKROOT)/Developer/Library/Frameworks",
					"$(inherited)",
				);
				INFOPLIST_FILE = SwiftrisTests/Info.plist;
				LD_RUNPATH_SEARCH_PATHS = "$(inherited) @executable_path/Frameworks @loader_path/Frameworks";
				PRODUCT_NAME = "$(TARGET_NAME)";
				TEST_HOST = "$(BUILT_PRODUCTS_DIR)/Swiftris.app/Swiftris";
			};
			name = Release;
		};
/* End XCBuildConfiguration section */

/* Begin XCConfigurationList section */
		A6097E131A9777D000F702CC /* Build configuration list for PBXProject "Swiftris" */ = {
			isa = XCConfigurationList;
			buildConfigurations = (
				A6097E391A9777D100F702CC /* Debug */,
				A6097E3A1A9777D100F702CC /* Release */,
			);
			defaultConfigurationIsVisible = 0;
			defaultConfigurationName = Release;
		};
		A6097E3B1A9777D100F702CC /* Build configuration list for PBXNativeTarget "Swiftris" */ = {
			isa = XCConfigurationList;
			buildConfigurations = (
				A6097E3C1A9777D100F702CC /* Debug */,
				A6097E3D1A9777D100F702CC /* Release */,
			);
			defaultConfigurationIsVisible = 0;
		};
		A6097E3E1A9777D100F702CC /* Build configuration list for PBXNativeTarget "SwiftrisTests" */ = {
			isa = XCConfigurationList;
			buildConfigurations = (
				A6097E3F1A9777D100F702CC /* Debug */,
				A6097E401A9777D100F702CC /* Release */,
			);
			defaultConfigurationIsVisible = 0;
		};
/* End XCConfigurationList section */
	};
	rootObject = A6097E101A9777D000F702CC /* Project object */;
}
